
Microsoft Visual Studio Solution File, Format Version 12.00
# Visual Studio 15
VisualStudioVersion = 15.0.27004.2005
MinimumVisualStudioVersion = 10.0.40219.1
Project("{FAE04EC0-301F-11D3-BF4B-00C04F79EFBC}") = "FileBackup", "FileBackup\FileBackup.csproj", "{A8FB86AC-E567-4DFB-92CF-A0EEE945B126}"
EndProject
Global
	GlobalSection(SolutionConfigurationPlatforms) = preSolution
		Debug|Any CPU = Debug|Any CPU
		Release|Any CPU = Release|Any CPU
	EndGlobalSection
	GlobalSection(ProjectConfigurationPlatforms) = postSolution
		{A8FB86AC-E567-4DFB-92CF-A0EEE945B126}.Debug|Any CPU.ActiveCfg = Debug|Any CPU
		{A8FB86AC-E567-4DFB-92CF-A0EEE945B126}.Debug|Any CPU.Build.0 = Debug|Any CPU
		{A8FB86AC-E567-4DFB-92CF-A0EEE945B126}.Release|Any CPU.ActiveCfg = Release|Any CPU
		{A8FB86AC-E567-4DFB-92CF-A0EEE945B126}.Release|Any CPU.Build.0 = Release|Any CPU
	EndGlobalSection
	GlobalSection(SolutionProperties) = preSolution
		HideSolutionNode = FALSE
	EndGlobalSection
	GlobalSection(ExtensibilityGlobals) = postSolution
		SolutionGuid = {4AEB531B-C242-497C-9A4E-E955C06E791C}
	EndGlobalSection
EndGlobal
